
Microsoft Visual Studio Solution File, Format Version 12.00
# Visual Studio Version 17
VisualStudioVersion = 17.0.31903.59
MinimumVisualStudioVersion = 10.0.40219.1
Project("{2150E333-8FDC-42A3-9474-1A3956D46DE8}") = "src", "src", "{827E0CD3-B72D-47B6-A68D-7590B98EB39B}"
EndProject
Project("{2150E333-8FDC-42A3-9474-1A3956D46DE8}") = "tests", "tests", "{0AB3BF05-4346-4AA6-1389-037BE0695223}"
EndProject
Project("{FAE04EC0-301F-11D3-BF4B-00C04F79EFBC}") = "Restaurants.API", "src\Restaurants.API\Restaurants.API.csproj", "{12A306DD-437B-4B23-B29F-8806C3E4F368}"
EndProject
Project("{FAE04EC0-301F-11D3-BF4B-00C04F79EFBC}") = "Restaurants.Application", "src\Restaurants.Application\Restaurants.Application.csproj", "{4DFC8B9B-C32A-4C0C-BC11-F43D5B479913}"
EndProject
Project("{FAE04EC0-301F-11D3-BF4B-00C04F79EFBC}") = "Restaurants.Domain", "src\Restaurants.Domain\Restaurants.Domain.csproj", "{E4E4AF53-EF6F-41BA-8127-206D507EC1B5}"
EndProject
Project("{FAE04EC0-301F-11D3-BF4B-00C04F79EFBC}") = "Restaurants.Infrastructure", "src\Restaurants.Infrastructure\Restaurants.Infrastructure.csproj", "{38AA03B4-3222-424A-A624-420018725DBB}"
EndProject
Project("{FAE04EC0-301F-11D3-BF4B-00C04F79EFBC}") = "Restaurants.API.Tests", "tests\Restaurants.API.Tests\Restaurants.API.Tests.csproj", "{E9340C78-193D-42E0-92DF-16E35A631C6D}"
EndProject
Project("{FAE04EC0-301F-11D3-BF4B-00C04F79EFBC}") = "Restaurants.Application.Tests", "tests\Restaurants.Application.Tests\Restaurants.Application.Tests.csproj", "{EC442DA9-3160-4A47-A69A-F5847E98BC0B}"
EndProject
Project("{FAE04EC0-301F-11D3-BF4B-00C04F79EFBC}") = "Restaurants.Infrastructure.Tests", "tests\Restaurants.Infrastructure.Tests\Restaurants.Infrastructure.Tests.csproj", "{8A5AB346-805E-49D8-B22D-002D47E70308}"
EndProject
Global
	GlobalSection(SolutionConfigurationPlatforms) = preSolution
		Debug|Any CPU = Debug|Any CPU
		Debug|x64 = Debug|x64
		Debug|x86 = Debug|x86
		Release|Any CPU = Release|Any CPU
		Release|x64 = Release|x64
		Release|x86 = Release|x86
	EndGlobalSection
	GlobalSection(ProjectConfigurationPlatforms) = postSolution
		{12A306DD-437B-4B23-B29F-8806C3E4F368}.Debug|Any CPU.ActiveCfg = Debug|Any CPU
		{12A306DD-437B-4B23-B29F-8806C3E4F368}.Debug|Any CPU.Build.0 = Debug|Any CPU
		{12A306DD-437B-4B23-B29F-8806C3E4F368}.Debug|x64.ActiveCfg = Debug|Any CPU
		{12A306DD-437B-4B23-B29F-8806C3E4F368}.Debug|x64.Build.0 = Debug|Any CPU
		{12A306DD-437B-4B23-B29F-8806C3E4F368}.Debug|x86.ActiveCfg = Debug|Any CPU
		{12A306DD-437B-4B23-B29F-8806C3E4F368}.Debug|x86.Build.0 = Debug|Any CPU
		{12A306DD-437B-4B23-B29F-8806C3E4F368}.Release|Any CPU.ActiveCfg = Release|Any CPU
		{12A306DD-437B-4B23-B29F-8806C3E4F368}.Release|Any CPU.Build.0 = Release|Any CPU
		{12A306DD-437B-4B23-B29F-8806C3E4F368}.Release|x64.ActiveCfg = Release|Any CPU
		{12A306DD-437B-4B23-B29F-8806C3E4F368}.Release|x64.Build.0 = Release|Any CPU
		{12A306DD-437B-4B23-B29F-8806C3E4F368}.Release|x86.ActiveCfg = Release|Any CPU
		{12A306DD-437B-4B23-B29F-8806C3E4F368}.Release|x86.Build.0 = Release|Any CPU
		{4DFC8B9B-C32A-4C0C-BC11-F43D5B479913}.Debug|Any CPU.ActiveCfg = Debug|Any CPU
		{4DFC8B9B-C32A-4C0C-BC11-F43D5B479913}.Debug|Any CPU.Build.0 = Debug|Any CPU
		{4DFC8B9B-C32A-4C0C-BC11-F43D5B479913}.Debug|x64.ActiveCfg = Debug|Any CPU
		{4DFC8B9B-C32A-4C0C-BC11-F43D5B479913}.Debug|x64.Build.0 = Debug|Any CPU
		{4DFC8B9B-C32A-4C0C-BC11-F43D5B479913}.Debug|x86.ActiveCfg = Debug|Any CPU
		{4DFC8B9B-C32A-4C0C-BC11-F43D5B479913}.Debug|x86.Build.0 = Debug|Any CPU
		{4DFC8B9B-C32A-4C0C-BC11-F43D5B479913}.Release|Any CPU.ActiveCfg = Release|Any CPU
		{4DFC8B9B-C32A-4C0C-BC11-F43D5B479913}.Release|Any CPU.Build.0 = Release|Any CPU
		{4DFC8B9B-C32A-4C0C-BC11-F43D5B479913}.Release|x64.ActiveCfg = Release|Any CPU
		{4DFC8B9B-C32A-4C0C-BC11-F43D5B479913}.Release|x64.Build.0 = Release|Any CPU
		{4DFC8B9B-C32A-4C0C-BC11-F43D5B479913}.Release|x86.ActiveCfg = Release|Any CPU
		{4DFC8B9B-C32A-4C0C-BC11-F43D5B479913}.Release|x86.Build.0 = Release|Any CPU
		{E4E4AF53-EF6F-41BA-8127-206D507EC1B5}.Debug|Any CPU.ActiveCfg = Debug|Any CPU
		{E4E4AF53-EF6F-41BA-8127-206D507EC1B5}.Debug|Any CPU.Build.0 = Debug|Any CPU
		{E4E4AF53-EF6F-41BA-8127-206D507EC1B5}.Debug|x64.ActiveCfg = Debug|Any CPU
		{E4E4AF53-EF6F-41BA-8127-206D507EC1B5}.Debug|x64.Build.0 = Debug|Any CPU
		{E4E4AF53-EF6F-41BA-8127-206D507EC1B5}.Debug|x86.ActiveCfg = Debug|Any CPU
		{E4E4AF53-EF6F-41BA-8127-206D507EC1B5}.Debug|x86.Build.0 = Debug|Any CPU
		{E4E4AF53-EF6F-41BA-8127-206D507EC1B5}.Release|Any CPU.ActiveCfg = Release|Any CPU
		{E4E4AF53-EF6F-41BA-8127-206D507EC1B5}.Release|Any CPU.Build.0 = Release|Any CPU
		{E4E4AF53-EF6F-41BA-8127-206D507EC1B5}.Release|x64.ActiveCfg = Release|Any CPU
		{E4E4AF53-EF6F-41BA-8127-206D507EC1B5}.Release|x64.Build.0 = Release|Any CPU
		{E4E4AF53-EF6F-41BA-8127-206D507EC1B5}.Release|x86.ActiveCfg = Release|Any CPU
		{E4E4AF53-EF6F-41BA-8127-206D507EC1B5}.Release|x86.Build.0 = Release|Any CPU
		{38AA03B4-3222-424A-A624-420018725DBB}.Debug|Any CPU.ActiveCfg = Debug|Any CPU
		{38AA03B4-3222-424A-A624-420018725DBB}.Debug|Any CPU.Build.0 = Debug|Any CPU
		{38AA03B4-3222-424A-A624-420018725DBB}.Debug|x64.ActiveCfg = Debug|Any CPU
		{38AA03B4-3222-424A-A624-420018725DBB}.Debug|x64.Build.0 = Debug|Any CPU
		{38AA03B4-3222-424A-A624-420018725DBB}.Debug|x86.ActiveCfg = Debug|Any CPU
		{38AA03B4-3222-424A-A624-420018725DBB}.Debug|x86.Build.0 = Debug|Any CPU
		{38AA03B4-3222-424A-A624-420018725DBB}.Release|Any CPU.ActiveCfg = Release|Any CPU
		{38AA03B4-3222-424A-A624-420018725DBB}.Release|Any CPU.Build.0 = Release|Any CPU
		{38AA03B4-3222-424A-A624-420018725DBB}.Release|x64.ActiveCfg = Release|Any CPU
		{38AA03B4-3222-424A-A624-420018725DBB}.Release|x64.Build.0 = Release|Any CPU
		{38AA03B4-3222-424A-A624-420018725DBB}.Release|x86.ActiveCfg = Release|Any CPU
		{38AA03B4-3222-424A-A624-420018725DBB}.Release|x86.Build.0 = Release|Any CPU
		{E9340C78-193D-42E0-92DF-16E35A631C6D}.Debug|Any CPU.ActiveCfg = Debug|Any CPU
		{E9340C78-193D-42E0-92DF-16E35A631C6D}.Debug|Any CPU.Build.0 = Debug|Any CPU
		{E9340C78-193D-42E0-92DF-16E35A631C6D}.Debug|x64.ActiveCfg = Debug|Any CPU
		{E9340C78-193D-42E0-92DF-16E35A631C6D}.Debug|x64.Build.0 = Debug|Any CPU
		{E9340C78-193D-42E0-92DF-16E35A631C6D}.Debug|x86.ActiveCfg = Debug|Any CPU
		{E9340C78-193D-42E0-92DF-16E35A631C6D}.Debug|x86.Build.0 = Debug|Any CPU
		{E9340C78-193D-42E0-92DF-16E35A631C6D}.Release|Any CPU.ActiveCfg = Release|Any CPU
		{E9340C78-193D-42E0-92DF-16E35A631C6D}.Release|Any CPU.Build.0 = Release|Any CPU
		{E9340C78-193D-42E0-92DF-16E35A631C6D}.Release|x64.ActiveCfg = Release|Any CPU
		{E9340C78-193D-42E0-92DF-16E35A631C6D}.Release|x64.Build.0 = Release|Any CPU
		{E9340C78-193D-42E0-92DF-16E35A631C6D}.Release|x86.ActiveCfg = Release|Any CPU
		{E9340C78-193D-42E0-92DF-16E35A631C6D}.Release|x86.Build.0 = Release|Any CPU
		{EC442DA9-3160-4A47-A69A-F5847E98BC0B}.Debug|Any CPU.ActiveCfg = Debug|Any CPU
		{EC442DA9-3160-4A47-A69A-F5847E98BC0B}.Debug|Any CPU.Build.0 = Debug|Any CPU
		{EC442DA9-3160-4A47-A69A-F5847E98BC0B}.Debug|x64.ActiveCfg = Debug|Any CPU
		{EC442DA9-3160-4A47-A69A-F5847E98BC0B}.Debug|x64.Build.0 = Debug|Any CPU
		{EC442DA9-3160-4A47-A69A-F5847E98BC0B}.Debug|x86.ActiveCfg = Debug|Any CPU
		{EC442DA9-3160-4A47-A69A-F5847E98BC0B}.Debug|x86.Build.0 = Debug|Any CPU
		{EC442DA9-3160-4A47-A69A-F5847E98BC0B}.Release|Any CPU.ActiveCfg = Release|Any CPU
		{EC442DA9-3160-4A47-A69A-F5847E98BC0B}.Release|Any CPU.Build.0 = Release|Any CPU
		{EC442DA9-3160-4A47-A69A-F5847E98BC0B}.Release|x64.ActiveCfg = Release|Any CPU
		{EC442DA9-3160-4A47-A69A-F5847E98BC0B}.Release|x64.Build.0 = Release|Any CPU
		{EC442DA9-3160-4A47-A69A-F5847E98BC0B}.Release|x86.ActiveCfg = Release|Any CPU
		{EC442DA9-3160-4A47-A69A-F5847E98BC0B}.Release|x86.Build.0 = Release|Any CPU
		{8A5AB346-805E-49D8-B22D-002D47E70308}.Debug|Any CPU.ActiveCfg = Debug|Any CPU
		{8A5AB346-805E-49D8-B22D-002D47E70308}.Debug|Any CPU.Build.0 = Debug|Any CPU
		{8A5AB346-805E-49D8-B22D-002D47E70308}.Debug|x64.ActiveCfg = Debug|Any CPU
		{8A5AB346-805E-49D8-B22D-002D47E70308}.Debug|x64.Build.0 = Debug|Any CPU
		{8A5AB346-805E-49D8-B22D-002D47E70308}.Debug|x86.ActiveCfg = Debug|Any CPU
		{8A5AB346-805E-49D8-B22D-002D47E70308}.Debug|x86.Build.0 = Debug|Any CPU
		{8A5AB346-805E-49D8-B22D-002D47E70308}.Release|Any CPU.ActiveCfg = Release|Any CPU
		{8A5AB346-805E-49D8-B22D-002D47E70308}.Release|Any CPU.Build.0 = Release|Any CPU
		{8A5AB346-805E-49D8-B22D-002D47E70308}.Release|x64.ActiveCfg = Release|Any CPU
		{8A5AB346-805E-49D8-B22D-002D47E70308}.Release|x64.Build.0 = Release|Any CPU
		{8A5AB346-805E-49D8-B22D-002D47E70308}.Release|x86.ActiveCfg = Release|Any CPU
		{8A5AB346-805E-49D8-B22D-002D47E70308}.Release|x86.Build.0 = Release|Any CPU
	EndGlobalSection
	GlobalSection(SolutionProperties) = preSolution
		HideSolutionNode = FALSE
	EndGlobalSection
	GlobalSection(NestedProjects) = preSolution
		{12A306DD-437B-4B23-B29F-8806C3E4F368} = {827E0CD3-B72D-47B6-A68D-7590B98EB39B}
		{4DFC8B9B-C32A-4C0C-BC11-F43D5B479913} = {827E0CD3-B72D-47B6-A68D-7590B98EB39B}
		{E4E4AF53-EF6F-41BA-8127-206D507EC1B5} = {827E0CD3-B72D-47B6-A68D-7590B98EB39B}
		{38AA03B4-3222-424A-A624-420018725DBB} = {827E0CD3-B72D-47B6-A68D-7590B98EB39B}
		{E9340C78-193D-42E0-92DF-16E35A631C6D} = {0AB3BF05-4346-4AA6-1389-037BE0695223}
		{EC442DA9-3160-4A47-A69A-F5847E98BC0B} = {0AB3BF05-4346-4AA6-1389-037BE0695223}
		{8A5AB346-805E-49D8-B22D-002D47E70308} = {0AB3BF05-4346-4AA6-1389-037BE0695223}
	EndGlobalSection
EndGlobal
